
Microsoft Visual Studio Solution File, Format Version 12.00
# Visual Studio Version 17
VisualStudioVersion = 17.13.35931.197 d17.13
MinimumVisualStudioVersion = 10.0.40219.1
Project("{FAE04EC0-301F-11D3-BF4B-00C04F79EFBC}") = "SkinHunterWPF", "SkinHunterWPF.csproj", "{157A1745-4D37-4862-A6DC-ACF6BDE2AEE8}"
EndProject
Global
	GlobalSection(SolutionConfigurationPlatforms) = preSolution
		Debug|Any CPU = Debug|Any CPU
		Release|Any CPU = Release|Any CPU
	EndGlobalSection
	GlobalSection(ProjectConfigurationPlatforms) = postSolution
		{157A1745-4D37-4862-A6DC-ACF6BDE2AEE8}.Debug|Any CPU.ActiveCfg = Debug|Any CPU
		{157A1745-4D37-4862-A6DC-ACF6BDE2AEE8}.Debug|Any CPU.Build.0 = Debug|Any CPU
		{157A1745-4D37-4862-A6DC-ACF6BDE2AEE8}.Release|Any CPU.ActiveCfg = Release|Any CPU
		{157A1745-4D37-4862-A6DC-ACF6BDE2AEE8}.Release|Any CPU.Build.0 = Release|Any CPU
	EndGlobalSection
	GlobalSection(SolutionProperties) = preSolution
		HideSolutionNode = FALSE
	EndGlobalSection
	GlobalSection(ExtensibilityGlobals) = postSolution
		SolutionGuid = {55C1377C-BCAD-446A-92BD-40862B692D65}
	EndGlobalSection
EndGlobal
